
Microsoft Visual Studio Solution File, Format Version 12.00
# Visual Studio 15
VisualStudioVersion = 15.0.26206.0
MinimumVisualStudioVersion = 10.0.40219.1
Project("{2150E333-8FDC-42A3-9474-1A3956D46DE8}") = "tests", "tests", "{5243DBF7-7270-4460-9AC2-C343D653826E}"
EndProject
Project("{2150E333-8FDC-42A3-9474-1A3956D46DE8}") = "samples", "samples", "{418B6F96-6578-4B18-823C-0FC7A712F0BE}"
EndProject
Project("{FAE04EC0-301F-11D3-BF4B-00C04F79EFBC}") = "Core", "src\Core\Core.csproj", "{A3951ED6-0AD3-424C-B5BC-8008C80EEA02}"
EndProject
Project("{FAE04EC0-301F-11D3-BF4B-00C04F79EFBC}") = "Core.Tests", "tests\Core.Tests\Core.Tests.csproj", "{4E5816B2-5AFC-45FE-B7F2-B9B85B2F1967}"
EndProject
Project("{FAE04EC0-301F-11D3-BF4B-00C04F79EFBC}") = "UsageSample", "samples\UsageSample\UsageSample.csproj", "{6CCC791E-78A8-415F-8D9C-4A9F11449A19}"
EndProject
Project("{FAE04EC0-301F-11D3-BF4B-00C04F79EFBC}") = "UsageSampleMvc", "samples\UsageSampleMvc\UsageSampleMvc.csproj", "{0CB0CB75-7BF7-44BD-A003-E4176AFD4EBC}"
EndProject
Project("{FAE04EC0-301F-11D3-BF4B-00C04F79EFBC}") = "UsageSample.BearerTokenTester", "samples\UsageSample.BearerTokenTester\UsageSample.BearerTokenTester.csproj", "{CF8863AC-C37A-4E89-86FE-9B365818D9F2}"
EndProject
Project("{FAE04EC0-301F-11D3-BF4B-00C04F79EFBC}") = "UsageSample.ServerTester", "samples\UsageSample.ServerTester\UsageSample.ServerTester.csproj", "{EE3E17BB-74F9-4314-A529-5DE79B9E7D34}"
EndProject
Project("{9A19103F-16F7-4668-BE54-9A1E7A4F7556}") = "Core.AspNetCore.Tests", "tests\Core.AspNetCore.Tests\Core.AspNetCore.Tests.csproj", "{162CDC91-8B1B-48AB-BD7E-A24014B039F6}"
EndProject
Project("{9A19103F-16F7-4668-BE54-9A1E7A4F7556}") = "UsageSample.AspNetCore", "samples\UsageSample.AspNetCore\UsageSample.AspNetCore.csproj", "{77130FF6-DFCC-4D30-B560-0E23A09A6726}"
EndProject
Project("{9A19103F-16F7-4668-BE54-9A1E7A4F7556}") = "UsageSampleMvc.AspNetCore", "samples\UsageSampleMvc.AspNetCore\UsageSampleMvc.AspNetCore.csproj", "{7BE101FC-EB16-43B4-A25B-9F590096F776}"
EndProject
Project("{9A19103F-16F7-4668-BE54-9A1E7A4F7556}") = "RimDev.Stuntman.AspNetCore", "src\RimDev.Stuntman.AspNetCore\RimDev.Stuntman.AspNetCore.csproj", "{2822BCC5-31B2-45F3-A298-908643CA39BA}"
EndProject
Global
	GlobalSection(SolutionConfigurationPlatforms) = preSolution
		Debug|Any CPU = Debug|Any CPU
		Release|Any CPU = Release|Any CPU
	EndGlobalSection
	GlobalSection(ProjectConfigurationPlatforms) = postSolution
		{A3951ED6-0AD3-424C-B5BC-8008C80EEA02}.Debug|Any CPU.ActiveCfg = Debug|Any CPU
		{A3951ED6-0AD3-424C-B5BC-8008C80EEA02}.Debug|Any CPU.Build.0 = Debug|Any CPU
		{A3951ED6-0AD3-424C-B5BC-8008C80EEA02}.Release|Any CPU.ActiveCfg = Release|Any CPU
		{A3951ED6-0AD3-424C-B5BC-8008C80EEA02}.Release|Any CPU.Build.0 = Release|Any CPU
		{4E5816B2-5AFC-45FE-B7F2-B9B85B2F1967}.Debug|Any CPU.ActiveCfg = Debug|Any CPU
		{4E5816B2-5AFC-45FE-B7F2-B9B85B2F1967}.Debug|Any CPU.Build.0 = Debug|Any CPU
		{4E5816B2-5AFC-45FE-B7F2-B9B85B2F1967}.Release|Any CPU.ActiveCfg = Release|Any CPU
		{4E5816B2-5AFC-45FE-B7F2-B9B85B2F1967}.Release|Any CPU.Build.0 = Release|Any CPU
		{6CCC791E-78A8-415F-8D9C-4A9F11449A19}.Debug|Any CPU.ActiveCfg = Debug|Any CPU
		{6CCC791E-78A8-415F-8D9C-4A9F11449A19}.Debug|Any CPU.Build.0 = Debug|Any CPU
		{6CCC791E-78A8-415F-8D9C-4A9F11449A19}.Release|Any CPU.ActiveCfg = Release|Any CPU
		{6CCC791E-78A8-415F-8D9C-4A9F11449A19}.Release|Any CPU.Build.0 = Release|Any CPU
		{0CB0CB75-7BF7-44BD-A003-E4176AFD4EBC}.Debug|Any CPU.ActiveCfg = Debug|Any CPU
		{0CB0CB75-7BF7-44BD-A003-E4176AFD4EBC}.Debug|Any CPU.Build.0 = Debug|Any CPU
		{0CB0CB75-7BF7-44BD-A003-E4176AFD4EBC}.Release|Any CPU.ActiveCfg = Release|Any CPU
		{0CB0CB75-7BF7-44BD-A003-E4176AFD4EBC}.Release|Any CPU.Build.0 = Release|Any CPU
		{CF8863AC-C37A-4E89-86FE-9B365818D9F2}.Debug|Any CPU.ActiveCfg = Debug|Any CPU
		{CF8863AC-C37A-4E89-86FE-9B365818D9F2}.Debug|Any CPU.Build.0 = Debug|Any CPU
		{CF8863AC-C37A-4E89-86FE-9B365818D9F2}.Release|Any CPU.ActiveCfg = Release|Any CPU
		{CF8863AC-C37A-4E89-86FE-9B365818D9F2}.Release|Any CPU.Build.0 = Release|Any CPU
		{EE3E17BB-74F9-4314-A529-5DE79B9E7D34}.Debug|Any CPU.ActiveCfg = Debug|Any CPU
		{EE3E17BB-74F9-4314-A529-5DE79B9E7D34}.Debug|Any CPU.Build.0 = Debug|Any CPU
		{EE3E17BB-74F9-4314-A529-5DE79B9E7D34}.Release|Any CPU.ActiveCfg = Release|Any CPU
		{EE3E17BB-74F9-4314-A529-5DE79B9E7D34}.Release|Any CPU.Build.0 = Release|Any CPU
		{162CDC91-8B1B-48AB-BD7E-A24014B039F6}.Debug|Any CPU.ActiveCfg = Debug|Any CPU
		{162CDC91-8B1B-48AB-BD7E-A24014B039F6}.Debug|Any CPU.Build.0 = Debug|Any CPU
		{162CDC91-8B1B-48AB-BD7E-A24014B039F6}.Release|Any CPU.ActiveCfg = Release|Any CPU
		{162CDC91-8B1B-48AB-BD7E-A24014B039F6}.Release|Any CPU.Build.0 = Release|Any CPU
		{77130FF6-DFCC-4D30-B560-0E23A09A6726}.Debug|Any CPU.ActiveCfg = Debug|Any CPU
		{77130FF6-DFCC-4D30-B560-0E23A09A6726}.Debug|Any CPU.Build.0 = Debug|Any CPU
		{77130FF6-DFCC-4D30-B560-0E23A09A6726}.Release|Any CPU.ActiveCfg = Release|Any CPU
		{77130FF6-DFCC-4D30-B560-0E23A09A6726}.Release|Any CPU.Build.0 = Release|Any CPU
		{7BE101FC-EB16-43B4-A25B-9F590096F776}.Debug|Any CPU.ActiveCfg = Debug|Any CPU
		{7BE101FC-EB16-43B4-A25B-9F590096F776}.Debug|Any CPU.Build.0 = Debug|Any CPU
		{7BE101FC-EB16-43B4-A25B-9F590096F776}.Release|Any CPU.ActiveCfg = Release|Any CPU
		{7BE101FC-EB16-43B4-A25B-9F590096F776}.Release|Any CPU.Build.0 = Release|Any CPU
		{2822BCC5-31B2-45F3-A298-908643CA39BA}.Debug|Any CPU.ActiveCfg = Debug|Any CPU
		{2822BCC5-31B2-45F3-A298-908643CA39BA}.Debug|Any CPU.Build.0 = Debug|Any CPU
		{2822BCC5-31B2-45F3-A298-908643CA39BA}.Release|Any CPU.ActiveCfg = Release|Any CPU
		{2822BCC5-31B2-45F3-A298-908643CA39BA}.Release|Any CPU.Build.0 = Release|Any CPU
	EndGlobalSection
	GlobalSection(SolutionProperties) = preSolution
		HideSolutionNode = FALSE
	EndGlobalSection
	GlobalSection(NestedProjects) = preSolution
		{4E5816B2-5AFC-45FE-B7F2-B9B85B2F1967} = {5243DBF7-7270-4460-9AC2-C343D653826E}
		{6CCC791E-78A8-415F-8D9C-4A9F11449A19} = {418B6F96-6578-4B18-823C-0FC7A712F0BE}
		{0CB0CB75-7BF7-44BD-A003-E4176AFD4EBC} = {418B6F96-6578-4B18-823C-0FC7A712F0BE}
		{CF8863AC-C37A-4E89-86FE-9B365818D9F2} = {418B6F96-6578-4B18-823C-0FC7A712F0BE}
		{EE3E17BB-74F9-4314-A529-5DE79B9E7D34} = {418B6F96-6578-4B18-823C-0FC7A712F0BE}
		{162CDC91-8B1B-48AB-BD7E-A24014B039F6} = {5243DBF7-7270-4460-9AC2-C343D653826E}
		{77130FF6-DFCC-4D30-B560-0E23A09A6726} = {418B6F96-6578-4B18-823C-0FC7A712F0BE}
		{7BE101FC-EB16-43B4-A25B-9F590096F776} = {418B6F96-6578-4B18-823C-0FC7A712F0BE}
	EndGlobalSection
EndGlobal
